
Microsoft Visual Studio Solution File, Format Version 12.00
# Visual Studio Version 16
VisualStudioVersion = 16.0.28729.10
MinimumVisualStudioVersion = 10.0.40219.1
Project("{FAE04EC0-301F-11D3-BF4B-00C04F79EFBC}") = "MicroSQL", "MicroSQL\MicroSQL.csproj", "{486147AF-36D0-4630-87A0-9D70C0035DCA}"
EndProject
Global
	GlobalSection(SolutionConfigurationPlatforms) = preSolution
		Debug|Any CPU = Debug|Any CPU
		Release|Any CPU = Release|Any CPU
	EndGlobalSection
	GlobalSection(ProjectConfigurationPlatforms) = postSolution
		{486147AF-36D0-4630-87A0-9D70C0035DCA}.Debug|Any CPU.ActiveCfg = Debug|Any CPU
		{486147AF-36D0-4630-87A0-9D70C0035DCA}.Debug|Any CPU.Build.0 = Debug|Any CPU
		{486147AF-36D0-4630-87A0-9D70C0035DCA}.Release|Any CPU.ActiveCfg = Release|Any CPU
		{486147AF-36D0-4630-87A0-9D70C0035DCA}.Release|Any CPU.Build.0 = Release|Any CPU
	EndGlobalSection
	GlobalSection(SolutionProperties) = preSolution
		HideSolutionNode = FALSE
	EndGlobalSection
	GlobalSection(ExtensibilityGlobals) = postSolution
		SolutionGuid = {D6228F5C-9478-431B-9032-32469C61A783}
	EndGlobalSection
EndGlobal
